// !$*UTF8*$!
{
	archiveVersion = 1;
	classes = {
	};
	objectVersion = 56;
	objects = {

/* Begin PBXBuildFile section */
		4A48652229F1494F0071E102 /* AppDelegate.swift in Sources */ = {isa = PBXBuildFile; fileRef = 4A48652129F1494F0071E102 /* AppDelegate.swift */; };
		4A48652429F1494F0071E102 /* SceneDelegate.swift in Sources */ = {isa = PBXBuildFile; fileRef = 4A48652329F1494F0071E102 /* SceneDelegate.swift */; };
		4A48652629F1494F0071E102 /* ViewController.swift in Sources */ = {isa = PBXBuildFile; fileRef = 4A48652529F1494F0071E102 /* ViewController.swift */; };
		4A48652C29F1494F0071E102 /* Notific.xcdatamodeld in Sources */ = {isa = PBXBuildFile; fileRef = 4A48652A29F1494F0071E102 /* Notific.xcdatamodeld */; };
		4A48652E29F149500071E102 /* Assets.xcassets in Resources */ = {isa = PBXBuildFile; fileRef = 4A48652D29F149500071E102 /* Assets.xcassets */; };
		4A48653129F149500071E102 /* LaunchScreen.storyboard in Resources */ = {isa = PBXBuildFile; fileRef = 4A48652F29F149500071E102 /* LaunchScreen.storyboard */; };
		4A48653929F14C120071E102 /* TableViewCellTableViewCell.swift in Sources */ = {isa = PBXBuildFile; fileRef = 4A48653829F14C120071E102 /* TableViewCellTableViewCell.swift */; };
		4A48653B29F185820071E102 /* Notifications.swift in Sources */ = {isa = PBXBuildFile; fileRef = 4A48653A29F185820071E102 /* Notifications.swift */; };
		4A48653D29F18B700071E102 /* icon.png in Resources */ = {isa = PBXBuildFile; fileRef = 4A48653C29F18B700071E102 /* icon.png */; };
		A52C94DE660EB56DE6F75472 /* Pods_Notific.framework in Frameworks */ = {isa = PBXBuildFile; fileRef = 1E77CC036B1F2889A2E45D68 /* Pods_Notific.framework */; };
/* End PBXBuildFile section */

/* Begin PBXFileReference section */
		0108BBA90E0BADF255A9285F /* Pods-Notific.release.xcconfig */ = {isa = PBXFileReference; includeInIndex = 1; lastKnownFileType = text.xcconfig; name = "Pods-Notific.release.xcconfig"; path = "Target Support Files/Pods-Notific/Pods-Notific.release.xcconfig"; sourceTree = "<group>"; };
		1E77CC036B1F2889A2E45D68 /* Pods_Notific.framework */ = {isa = PBXFileReference; explicitFileType = wrapper.framework; includeInIndex = 0; path = Pods_Notific.framework; sourceTree = BUILT_PRODUCTS_DIR; };
		4A48651E29F1494F0071E102 /* NotificationsInProject.app */ = {isa = PBXFileReference; explicitFileType = wrapper.application; includeInIndex = 0; path = NotificationsInProject.app; sourceTree = BUILT_PRODUCTS_DIR; };
		4A48652129F1494F0071E102 /* AppDelegate.swift */ = {isa = PBXFileReference; lastKnownFileType = sourcecode.swift; path = AppDelegate.swift; sourceTree = "<group>"; };
		4A48652329F1494F0071E102 /* SceneDelegate.swift */ = {isa = PBXFileReference; lastKnownFileType = sourcecode.swift; path = SceneDelegate.swift; sourceTree = "<group>"; };
		4A48652529F1494F0071E102 /* ViewController.swift */ = {isa = PBXFileReference; lastKnownFileType = sourcecode.swift; path = ViewController.swift; sourceTree = "<group>"; };
		4A48652B29F1494F0071E102 /* Notific.xcdatamodel */ = {isa = PBXFileReference; lastKnownFileType = wrapper.xcdatamodel; path = Notific.xcdatamodel; sourceTree = "<group>"; };
		4A48652D29F149500071E102 /* Assets.xcassets */ = {isa = PBXFileReference; lastKnownFileType = folder.assetcatalog; path = Assets.xcassets; sourceTree = "<group>"; };
		4A48653029F149500071E102 /* Base */ = {isa = PBXFileReference; lastKnownFileType = file.storyboard; name = Base; path = Base.lproj/LaunchScreen.storyboard; sourceTree = "<group>"; };
		4A48653229F149500071E102 /* Info.plist */ = {isa = PBXFileReference; lastKnownFileType = text.plist.xml; path = Info.plist; sourceTree = "<group>"; };
		4A48653829F14C120071E102 /* TableViewCellTableViewCell.swift */ = {isa = PBXFileReference; lastKnownFileType = sourcecode.swift; path = TableViewCellTableViewCell.swift; sourceTree = "<group>"; };
		4A48653A29F185820071E102 /* Notifications.swift */ = {isa = PBXFileReference; lastKnownFileType = sourcecode.swift; path = Notifications.swift; sourceTree = "<group>"; };
		4A48653C29F18B700071E102 /* icon.png */ = {isa = PBXFileReference; lastKnownFileType = image.png; path = icon.png; sourceTree = "<group>"; };
		4A48653E29F1925D0071E102 /* Notific.entitlements */ = {isa = PBXFileReference; lastKnownFileType = text.plist.entitlements; path = Notific.entitlements; sourceTree = "<group>"; };
		FB4A5EC052F0D3998884DB99 /* Pods-Notific.debug.xcconfig */ = {isa = PBXFileReference; includeInIndex = 1; lastKnownFileType = text.xcconfig; name = "Pods-Notific.debug.xcconfig"; path = "Target Support Files/Pods-Notific/Pods-Notific.debug.xcconfig"; sourceTree = "<group>"; };
/* End PBXFileReference section */

/* Begin PBXFrameworksBuildPhase section */
		4A48651B29F1494F0071E102 /* Frameworks */ = {
			isa = PBXFrameworksBuildPhase;
			buildActionMask = 2147483647;
			files = (
				A52C94DE660EB56DE6F75472 /* Pods_Notific.framework in Frameworks */,
			);
			runOnlyForDeploymentPostprocessing = 0;
		};
/* End PBXFrameworksBuildPhase section */

/* Begin PBXGroup section */
		014E923DEE7AA2A829C4F4F2 /* Frameworks */ = {
			isa = PBXGroup;
			children = (
				1E77CC036B1F2889A2E45D68 /* Pods_Notific.framework */,
			);
			name = Frameworks;
			sourceTree = "<group>";
		};
		4A48651529F1494F0071E102 = {
			isa = PBXGroup;
			children = (
				4A48652029F1494F0071E102 /* Notific */,
				4A48651F29F1494F0071E102 /* Products */,
				E6A67C84D6F5F34AAE0737B6 /* Pods */,
				014E923DEE7AA2A829C4F4F2 /* Frameworks */,
			);
			sourceTree = "<group>";
		};
		4A48651F29F1494F0071E102 /* Products */ = {
			isa = PBXGroup;
			children = (
				4A48651E29F1494F0071E102 /* NotificationsInProject.app */,
			);
			name = Products;
			sourceTree = "<group>";
		};
		4A48652029F1494F0071E102 /* Notific */ = {
			isa = PBXGroup;
			children = (
				4A48653E29F1925D0071E102 /* Notific.entitlements */,
				4A48652129F1494F0071E102 /* AppDelegate.swift */,
				4A48652329F1494F0071E102 /* SceneDelegate.swift */,
				4A48652529F1494F0071E102 /* ViewController.swift */,
				4A48653829F14C120071E102 /* TableViewCellTableViewCell.swift */,
				4A48653A29F185820071E102 /* Notifications.swift */,
				4A48653C29F18B700071E102 /* icon.png */,
				4A48652D29F149500071E102 /* Assets.xcassets */,
				4A48652F29F149500071E102 /* LaunchScreen.storyboard */,
				4A48653229F149500071E102 /* Info.plist */,
				4A48652A29F1494F0071E102 /* Notific.xcdatamodeld */,
			);
			path = Notific;
			sourceTree = "<group>";
		};
		E6A67C84D6F5F34AAE0737B6 /* Pods */ = {
			isa = PBXGroup;
			children = (
				FB4A5EC052F0D3998884DB99 /* Pods-Notific.debug.xcconfig */,
				0108BBA90E0BADF255A9285F /* Pods-Notific.release.xcconfig */,
			);
			path = Pods;
			sourceTree = "<group>";
		};
/* End PBXGroup section */

/* Begin PBXNativeTarget section */
		4A48651D29F1494F0071E102 /* NotificationsInProject */ = {
			isa = PBXNativeTarget;
			buildConfigurationList = 4A48653529F149500071E102 /* Build configuration list for PBXNativeTarget "NotificationsInProject" */;
			buildPhases = (
				DF74E92875696B18303AF5DE /* [CP] Check Pods Manifest.lock */,
				4A48651A29F1494F0071E102 /* Sources */,
				4A48651B29F1494F0071E102 /* Frameworks */,
				4A48651C29F1494F0071E102 /* Resources */,
				15874D5C53B28E75242F1A44 /* [CP] Embed Pods Frameworks */,
			);
			buildRules = (
			);
			dependencies = (
			);
			name = NotificationsInProject;
			productName = Notific;
			productReference = 4A48651E29F1494F0071E102 /* NotificationsInProject.app */;
			productType = "com.apple.product-type.application";
		};
/* End PBXNativeTarget section */

/* Begin PBXProject section */
		4A48651629F1494F0071E102 /* Project object */ = {
			isa = PBXProject;
			attributes = {
				BuildIndependentTargetsInParallel = 1;
				LastSwiftUpdateCheck = 1410;
				LastUpgradeCheck = 1410;
				TargetAttributes = {
					4A48651D29F1494F0071E102 = {
						CreatedOnToolsVersion = 14.1;
					};
				};
			};
			buildConfigurationList = 4A48651929F1494F0071E102 /* Build configuration list for PBXProject "NotificationsInProject" */;
			compatibilityVersion = "Xcode 14.0";
			developmentRegion = en;
			hasScannedForEncodings = 0;
			knownRegions = (
				en,
				Base,
			);
			mainGroup = 4A48651529F1494F0071E102;
			productRefGroup = 4A48651F29F1494F0071E102 /* Products */;
			projectDirPath = "";
			projectRoot = "";
			targets = (
				4A48651D29F1494F0071E102 /* NotificationsInProject */,
			);
		};
/* End PBXProject section */

/* Begin PBXResourcesBuildPhase section */
		4A48651C29F1494F0071E102 /* Resources */ = {
			isa = PBXResourcesBuildPhase;
			buildActionMask = 2147483647;
			files = (
				4A48653129F149500071E102 /* LaunchScreen.storyboard in Resources */,
				4A48652E29F149500071E102 /* Assets.xcassets in Resources */,
				4A48653D29F18B700071E102 /* icon.png in Resources */,
			);
			runOnlyForDeploymentPostprocessing = 0;
		};
/* End PBXResourcesBuildPhase section */

/* Begin PBXShellScriptBuildPhase section */
		15874D5C53B28E75242F1A44 /* [CP] Embed Pods Frameworks */ = {
			isa = PBXShellScriptBuildPhase;
			buildActionMask = 2147483647;
			files = (
			);
			inputFileListPaths = (
				"${PODS_ROOT}/Target Support Files/Pods-Notific/Pods-Notific-frameworks-${CONFIGURATION}-input-files.xcfilelist",
			);
			name = "[CP] Embed Pods Frameworks";
			outputFileListPaths = (
				"${PODS_ROOT}/Target Support Files/Pods-Notific/Pods-Notific-frameworks-${CONFIGURATION}-output-files.xcfilelist",
			);
			runOnlyForDeploymentPostprocessing = 0;
			shellPath = /bin/sh;
			shellScript = "\"${PODS_ROOT}/Target Support Files/Pods-Notific/Pods-Notific-frameworks.sh\"\n";
			showEnvVarsInLog = 0;
		};
		DF74E92875696B18303AF5DE /* [CP] Check Pods Manifest.lock */ = {
			isa = PBXShellScriptBuildPhase;
			buildActionMask = 2147483647;
			files = (
			);
			inputFileListPaths = (
			);
			inputPaths = (
				"${PODS_PODFILE_DIR_PATH}/Podfile.lock",
				"${PODS_ROOT}/Manifest.lock",
			);
			name = "[CP] Check Pods Manifest.lock";
			outputFileListPaths = (
			);
			outputPaths = (
				"$(DERIVED_FILE_DIR)/Pods-Notific-checkManifestLockResult.txt",
			);
			runOnlyForDeploymentPostprocessing = 0;
			shellPath = /bin/sh;
			shellScript = "diff \"${PODS_PODFILE_DIR_PATH}/Podfile.lock\" \"${PODS_ROOT}/Manifest.lock\" > /dev/null\nif [ $? != 0 ] ; then\n    # print error to STDERR\n    echo \"error: The sandbox is not in sync with the Podfile.lock. Run 'pod install' or update your CocoaPods installation.\" >&2\n    exit 1\nfi\n# This output is used by Xcode 'outputs' to avoid re-running this script phase.\necho \"SUCCESS\" > \"${SCRIPT_OUTPUT_FILE_0}\"\n";
			showEnvVarsInLog = 0;
		};
/* End PBXShellScriptBuildPhase section */

/* Begin PBXSourcesBuildPhase section */
		4A48651A29F1494F0071E102 /* Sources */ = {
			isa = PBXSourcesBuildPhase;
			buildActionMask = 2147483647;
			files = (
				4A48653B29F185820071E102 /* Notifications.swift in Sources */,
				4A48652C29F1494F0071E102 /* Notific.xcdatamodeld in Sources */,
				4A48653929F14C120071E102 /* TableViewCellTableViewCell.swift in Sources */,
				4A48652629F1494F0071E102 /* ViewController.swift in Sources */,
				4A48652229F1494F0071E102 /* AppDelegate.swift in Sources */,
				4A48652429F1494F0071E102 /* SceneDelegate.swift in Sources */,
			);
			runOnlyForDeploymentPostprocessing = 0;
		};
/* End PBXSourcesBuildPhase section */

/* Begin PBXVariantGroup section */
		4A48652F29F149500071E102 /* LaunchScreen.storyboard */ = {
			isa = PBXVariantGroup;
			children = (
				4A48653029F149500071E102 /* Base */,
			);
			name = LaunchScreen.storyboard;
			sourceTree = "<group>";
		};
/* End PBXVariantGroup section */

/* Begin XCBuildConfiguration section */
		4A48653329F149500071E102 /* Debug */ = {
			isa = XCBuildConfiguration;
			buildSettings = {
				ALWAYS_SEARCH_USER_PATHS = NO;
				CLANG_ANALYZER_NONNULL = YES;
				CLANG_ANALYZER_NUMBER_OBJECT_CONVERSION = YES_AGGRESSIVE;
				CLANG_CXX_LANGUAGE_STANDARD = "gnu++20";
				CLANG_ENABLE_MODULES = YES;
				CLANG_ENABLE_OBJC_ARC = YES;
				CLANG_ENABLE_OBJC_WEAK = YES;
				CLANG_WARN_BLOCK_CAPTURE_AUTORELEASING = YES;
				CLANG_WARN_BOOL_CONVERSION = YES;
				CLANG_WARN_COMMA = YES;
				CLANG_WARN_CONSTANT_CONVERSION = YES;
				CLANG_WARN_DEPRECATED_OBJC_IMPLEMENTATIONS = YES;
				CLANG_WARN_DIRECT_OBJC_ISA_USAGE = YES_ERROR;
				CLANG_WARN_DOCUMENTATION_COMMENTS = YES;
				CLANG_WARN_EMPTY_BODY = YES;
				CLANG_WARN_ENUM_CONVERSION = YES;
				CLANG_WARN_INFINITE_RECURSION = YES;
				CLANG_WARN_INT_CONVERSION = YES;
				CLANG_WARN_NON_LITERAL_NULL_CONVERSION = YES;
				CLANG_WARN_OBJC_IMPLICIT_RETAIN_SELF = YES;
				CLANG_WARN_OBJC_LITERAL_CONVERSION = YES;
				CLANG_WARN_OBJC_ROOT_CLASS = YES_ERROR;
				CLANG_WARN_QUOTED_INCLUDE_IN_FRAMEWORK_HEADER = YES;
				CLANG_WARN_RANGE_LOOP_ANALYSIS = YES;
				CLANG_WARN_STRICT_PROTOTYPES = YES;
				CLANG_WARN_SUSPICIOUS_MOVE = YES;
				CLANG_WARN_UNGUARDED_AVAILABILITY = YES_AGGRESSIVE;
				CLANG_WARN_UNREACHABLE_CODE = YES;
				CLANG_WARN__DUPLICATE_METHOD_MATCH = YES;
				COPY_PHASE_STRIP = NO;
				DEBUG_INFORMATION_FORMAT = dwarf;
				ENABLE_STRICT_OBJC_MSGSEND = YES;
				ENABLE_TESTABILITY = YES;
				GCC_C_LANGUAGE_STANDARD = gnu11;
				GCC_DYNAMIC_NO_PIC = NO;
				GCC_NO_COMMON_BLOCKS = YES;
				GCC_OPTIMIZATION_LEVEL = 0;
				GCC_PREPROCESSOR_DEFINITIONS = (
					"DEBUG=1",
					"$(inherited)",
				);
				GCC_WARN_64_TO_32_BIT_CONVERSION = YES;
				GCC_WARN_ABOUT_RETURN_TYPE = YES_ERROR;
				GCC_WARN_UNDECLARED_SELECTOR = YES;
				GCC_WARN_UNINITIALIZED_AUTOS = YES_AGGRESSIVE;
				GCC_WARN_UNUSED_FUNCTION = YES;
				GCC_WARN_UNUSED_VARIABLE = YES;
				IPHONEOS_DEPLOYMENT_TARGET = 16.1;
				MTL_ENABLE_DEBUG_INFO = INCLUDE_SOURCE;
				MTL_FAST_MATH = YES;
				ONLY_ACTIVE_ARCH = YES;
				SDKROOT = iphoneos;
				SWIFT_ACTIVE_COMPILATION_CONDITIONS = DEBUG;
				SWIFT_OPTIMIZATION_LEVEL = "-Onone";
			};
			name = Debug;
		};
		4A48653429F149500071E102 /* Release */ = {
			isa = XCBuildConfiguration;
			buildSettings = {
				ALWAYS_SEARCH_USER_PATHS = NO;
				CLANG_ANALYZER_NONNULL = YES;
				CLANG_ANALYZER_NUMBER_OBJECT_CONVERSION = YES_AGGRESSIVE;
				CLANG_CXX_LANGUAGE_STANDARD = "gnu++20";
				CLANG_ENABLE_MODULES = YES;
				CLANG_ENABLE_OBJC_ARC = YES;
				CLANG_ENABLE_OBJC_WEAK = YES;
				CLANG_WARN_BLOCK_CAPTURE_AUTORELEASING = YES;
				CLANG_WARN_BOOL_CONVERSION = YES;
				CLANG_WARN_COMMA = YES;
				CLANG_WARN_CONSTANT_CONVERSION = YES;
				CLANG_WARN_DEPRECATED_OBJC_IMPLEMENTATIONS = YES;
				CLANG_WARN_DIRECT_OBJC_ISA_USAGE = YES_ERROR;
				CLANG_WARN_DOCUMENTATION_COMMENTS = YES;
				CLANG_WARN_EMPTY_BODY = YES;
				CLANG_WARN_ENUM_CONVERSION = YES;
				CLANG_WARN_INFINITE_RECURSION = YES;
				CLANG_WARN_INT_CONVERSION = YES;
				CLANG_WARN_NON_LITERAL_NULL_CONVERSION = YES;
				CLANG_WARN_OBJC_IMPLICIT_RETAIN_SELF = YES;
				CLANG_WARN_OBJC_LITERAL_CONVERSION = YES;
				CLANG_WARN_OBJC_ROOT_CLASS = YES_ERROR;
				CLANG_WARN_QUOTED_INCLUDE_IN_FRAMEWORK_HEADER = YES;
				CLANG_WARN_RANGE_LOOP_ANALYSIS = YES;
				CLANG_WARN_STRICT_PROTOTYPES = YES;
				CLANG_WARN_SUSPICIOUS_MOVE = YES;
				CLANG_WARN_UNGUARDED_AVAILABILITY = YES_AGGRESSIVE;
				CLANG_WARN_UNREACHABLE_CODE = YES;
				CLANG_WARN__DUPLICATE_METHOD_MATCH = YES;
				COPY_PHASE_STRIP = NO;
				DEBUG_INFORMATION_FORMAT = "dwarf-with-dsym";
				ENABLE_NS_ASSERTIONS = NO;
				ENABLE_STRICT_OBJC_MSGSEND = YES;
				GCC_C_LANGUAGE_STANDARD = gnu11;
				GCC_NO_COMMON_BLOCKS = YES;
				GCC_WARN_64_TO_32_BIT_CONVERSION = YES;
				GCC_WARN_ABOUT_RETURN_TYPE = YES_ERROR;
				GCC_WARN_UNDECLARED_SELECTOR = YES;
				GCC_WARN_UNINITIALIZED_AUTOS = YES_AGGRESSIVE;
				GCC_WARN_UNUSED_FUNCTION = YES;
				GCC_WARN_UNUSED_VARIABLE = YES;
				IPHONEOS_DEPLOYMENT_TARGET = 16.1;
				MTL_ENABLE_DEBUG_INFO = NO;
				MTL_FAST_MATH = YES;
				SDKROOT = iphoneos;
				SWIFT_COMPILATION_MODE = wholemodule;
				SWIFT_OPTIMIZATION_LEVEL = "-O";
				VALIDATE_PRODUCT = YES;
			};
			name = Release;
		};
		4A48653629F149500071E102 /* Debug */ = {
			isa = XCBuildConfiguration;
			baseConfigurationReference = FB4A5EC052F0D3998884DB99 /* Pods-Notific.debug.xcconfig */;
			buildSettings = {
				ASSETCATALOG_COMPILER_APPICON_NAME = AppIcon;
				ASSETCATALOG_COMPILER_GLOBAL_ACCENT_COLOR_NAME = AccentColor;
				CODE_SIGN_ENTITLEMENTS = Notific/Notific.entitlements;
				CODE_SIGN_IDENTITY = "Apple Development";
				CODE_SIGN_STYLE = Automatic;
				CURRENT_PROJECT_VERSION = 1;
				DEVELOPMENT_TEAM = GX5Y7LCPJ3;
				GENERATE_INFOPLIST_FILE = YES;
				INFOPLIST_FILE = Notific/Info.plist;
				INFOPLIST_KEY_UIApplicationSupportsIndirectInputEvents = YES;
				INFOPLIST_KEY_UILaunchStoryboardName = LaunchScreen;
				INFOPLIST_KEY_UISupportedInterfaceOrientations_iPad = "UIInterfaceOrientationPortrait UIInterfaceOrientationPortraitUpsideDown UIInterfaceOrientationLandscapeLeft UIInterfaceOrientationLandscapeRight";
				INFOPLIST_KEY_UISupportedInterfaceOrientations_iPhone = "UIInterfaceOrientationPortrait UIInterfaceOrientationLandscapeLeft UIInterfaceOrientationLandscapeRight";
				LD_RUNPATH_SEARCH_PATHS = (
					"$(inherited)",
					"@executable_path/Frameworks",
				);
				MARKETING_VERSION = 1.0;
				PRODUCT_BUNDLE_IDENTIFIER = "-2.Notific";
				PRODUCT_NAME = "$(TARGET_NAME)";
				PROVISIONING_PROFILE_SPECIFIER = "";
				SWIFT_EMIT_LOC_STRINGS = YES;
				SWIFT_VERSION = 5.0;
				TARGETED_DEVICE_FAMILY = "1,2";
			};
			name = Debug;
		};
		4A48653729F149500071E102 /* Release */ = {
			isa = XCBuildConfiguration;
			baseConfigurationReference = 0108BBA90E0BADF255A9285F /* Pods-Notific.release.xcconfig */;
			buildSettings = {
				ASSETCATALOG_COMPILER_APPICON_NAME = AppIcon;
				ASSETCATALOG_COMPILER_GLOBAL_ACCENT_COLOR_NAME = AccentColor;
				CODE_SIGN_ENTITLEMENTS = Notific/Notific.entitlements;
				CODE_SIGN_IDENTITY = "Apple Development";
				CODE_SIGN_STYLE = Automatic;
				CURRENT_PROJECT_VERSION = 1;
				DEVELOPMENT_TEAM = GX5Y7LCPJ3;
				GENERATE_INFOPLIST_FILE = YES;
				INFOPLIST_FILE = Notific/Info.plist;
				INFOPLIST_KEY_UIApplicationSupportsIndirectInputEvents = YES;
				INFOPLIST_KEY_UILaunchStoryboardName = LaunchScreen;
				INFOPLIST_KEY_UISupportedInterfaceOrientations_iPad = "UIInterfaceOrientationPortrait UIInterfaceOrientationPortraitUpsideDown UIInterfaceOrientationLandscapeLeft UIInterfaceOrientationLandscapeRight";
				INFOPLIST_KEY_UISupportedInterfaceOrientations_iPhone = "UIInterfaceOrientationPortrait UIInterfaceOrientationLandscapeLeft UIInterfaceOrientationLandscapeRight";
				LD_RUNPATH_SEARCH_PATHS = (
					"$(inherited)",
					"@executable_path/Frameworks",
				);
				MARKETING_VERSION = 1.0;
				PRODUCT_BUNDLE_IDENTIFIER = "-2.Notific";
				PRODUCT_NAME = "$(TARGET_NAME)";
				PROVISIONING_PROFILE_SPECIFIER = "";
				SWIFT_EMIT_LOC_STRINGS = YES;
				SWIFT_VERSION = 5.0;
				TARGETED_DEVICE_FAMILY = "1,2";
			};
			name = Release;
		};
/* End XCBuildConfiguration section */

/* Begin XCConfigurationList section */
		4A48651929F1494F0071E102 /* Build configuration list for PBXProject "NotificationsInProject" */ = {
			isa = XCConfigurationList;
			buildConfigurations = (
				4A48653329F149500071E102 /* Debug */,
				4A48653429F149500071E102 /* Release */,
			);
			defaultConfigurationIsVisible = 0;
			defaultConfigurationName = Release;
		};
		4A48653529F149500071E102 /* Build configuration list for PBXNativeTarget "NotificationsInProject" */ = {
			isa = XCConfigurationList;
			buildConfigurations = (
				4A48653629F149500071E102 /* Debug */,
				4A48653729F149500071E102 /* Release */,
			);
			defaultConfigurationIsVisible = 0;
			defaultConfigurationName = Release;
		};
/* End XCConfigurationList section */

/* Begin XCVersionGroup section */
		4A48652A29F1494F0071E102 /* Notific.xcdatamodeld */ = {
			isa = XCVersionGroup;
			children = (
				4A48652B29F1494F0071E102 /* Notific.xcdatamodel */,
			);
			currentVersion = 4A48652B29F1494F0071E102 /* Notific.xcdatamodel */;
			path = Notific.xcdatamodeld;
			sourceTree = "<group>";
			versionGroupType = wrapper.xcdatamodel;
		};
/* End XCVersionGroup section */
	};
	rootObject = 4A48651629F1494F0071E102 /* Project object */;
}
